// !$*UTF8*$!
{
	archiveVersion = 1;
	classes = {
	};
	objectVersion = 50;
	objects = {

/* Begin PBXBuildFile section */
		FD200CF824A5076D0063A7F7 /* AppDelegate.swift in Sources */ = {isa = PBXBuildFile; fileRef = FD200CF724A5076D0063A7F7 /* AppDelegate.swift */; };
		FD200CFA24A5076D0063A7F7 /* SceneDelegate.swift in Sources */ = {isa = PBXBuildFile; fileRef = FD200CF924A5076D0063A7F7 /* SceneDelegate.swift */; };
		FD200CFC24A5076D0063A7F7 /* ViewController.swift in Sources */ = {isa = PBXBuildFile; fileRef = FD200CFB24A5076D0063A7F7 /* ViewController.swift */; };
		FD200CFF24A5076D0063A7F7 /* Main.storyboard in Resources */ = {isa = PBXBuildFile; fileRef = FD200CFD24A5076D0063A7F7 /* Main.storyboard */; };
		FD200D0124A507700063A7F7 /* Assets.xcassets in Resources */ = {isa = PBXBuildFile; fileRef = FD200D0024A507700063A7F7 /* Assets.xcassets */; };
		FD200D0424A507700063A7F7 /* LaunchScreen.storyboard in Resources */ = {isa = PBXBuildFile; fileRef = FD200D0224A507700063A7F7 /* LaunchScreen.storyboard */; };
		FD200D0F24A5A3D70063A7F7 /* CollectionViewCell.swift in Sources */ = {isa = PBXBuildFile; fileRef = FD200D0E24A5A3D70063A7F7 /* CollectionViewCell.swift */; };
		FD200D1124A5AD9D0063A7F7 /* halfScreen.swift in Sources */ = {isa = PBXBuildFile; fileRef = FD200D1024A5AD9D0063A7F7 /* halfScreen.swift */; };
		FD200D1324A5BC400063A7F7 /* addViewController.swift in Sources */ = {isa = PBXBuildFile; fileRef = FD200D1224A5BC400063A7F7 /* addViewController.swift */; };
/* End PBXBuildFile section */

/* Begin PBXFileReference section */
		FD200CF424A5076D0063A7F7 /* Ulink_demo.app */ = {isa = PBXFileReference; explicitFileType = wrapper.application; includeInIndex = 0; path = Ulink_demo.app; sourceTree = BUILT_PRODUCTS_DIR; };
		FD200CF724A5076D0063A7F7 /* AppDelegate.swift */ = {isa = PBXFileReference; lastKnownFileType = sourcecode.swift; path = AppDelegate.swift; sourceTree = "<group>"; };
		FD200CF924A5076D0063A7F7 /* SceneDelegate.swift */ = {isa = PBXFileReference; lastKnownFileType = sourcecode.swift; path = SceneDelegate.swift; sourceTree = "<group>"; };
		FD200CFB24A5076D0063A7F7 /* ViewController.swift */ = {isa = PBXFileReference; lastKnownFileType = sourcecode.swift; path = ViewController.swift; sourceTree = "<group>"; };
		FD200CFE24A5076D0063A7F7 /* Base */ = {isa = PBXFileReference; lastKnownFileType = file.storyboard; name = Base; path = Base.lproj/Main.storyboard; sourceTree = "<group>"; };
		FD200D0024A507700063A7F7 /* Assets.xcassets */ = {isa = PBXFileReference; lastKnownFileType = folder.assetcatalog; path = Assets.xcassets; sourceTree = "<group>"; };
		FD200D0324A507700063A7F7 /* Base */ = {isa = PBXFileReference; lastKnownFileType = file.storyboard; name = Base; path = Base.lproj/LaunchScreen.storyboard; sourceTree = "<group>"; };
		FD200D0524A507700063A7F7 /* Info.plist */ = {isa = PBXFileReference; lastKnownFileType = text.plist.xml; path = Info.plist; sourceTree = "<group>"; };
		FD200D0E24A5A3D70063A7F7 /* CollectionViewCell.swift */ = {isa = PBXFileReference; lastKnownFileType = sourcecode.swift; path = CollectionViewCell.swift; sourceTree = "<group>"; };
		FD200D1024A5AD9D0063A7F7 /* halfScreen.swift */ = {isa = PBXFileReference; lastKnownFileType = sourcecode.swift; path = halfScreen.swift; sourceTree = "<group>"; };
		FD200D1224A5BC400063A7F7 /* addViewController.swift */ = {isa = PBXFileReference; lastKnownFileType = sourcecode.swift; path = addViewController.swift; sourceTree = "<group>"; };
/* End PBXFileReference section */

/* Begin PBXFrameworksBuildPhase section */
		FD200CF124A5076D0063A7F7 /* Frameworks */ = {
			isa = PBXFrameworksBuildPhase;
			buildActionMask = 2147483647;
			files = (
			);
			runOnlyForDeploymentPostprocessing = 0;
		};
/* End PBXFrameworksBuildPhase section */

/* Begin PBXGroup section */
		FD200CEB24A5076D0063A7F7 = {
			isa = PBXGroup;
			children = (
				FD200CF624A5076D0063A7F7 /* Ulink_demo */,
				FD200CF524A5076D0063A7F7 /* Products */,
			);
			sourceTree = "<group>";
		};
		FD200CF524A5076D0063A7F7 /* Products */ = {
			isa = PBXGroup;
			children = (
				FD200CF424A5076D0063A7F7 /* Ulink_demo.app */,
			);
			name = Products;
			sourceTree = "<group>";
		};
		FD200CF624A5076D0063A7F7 /* Ulink_demo */ = {
			isa = PBXGroup;
			children = (
				FD200D0D24A5A3C30063A7F7 /* New Group */,
				FD200CF724A5076D0063A7F7 /* AppDelegate.swift */,
				FD200CF924A5076D0063A7F7 /* SceneDelegate.swift */,
				FD200CFB24A5076D0063A7F7 /* ViewController.swift */,
				FD200CFD24A5076D0063A7F7 /* Main.storyboard */,
				FD200D1024A5AD9D0063A7F7 /* halfScreen.swift */,
				FD200D0024A507700063A7F7 /* Assets.xcassets */,
				FD200D0224A507700063A7F7 /* LaunchScreen.storyboard */,
				FD200D0524A507700063A7F7 /* Info.plist */,
				FD200D0E24A5A3D70063A7F7 /* CollectionViewCell.swift */,
				FD200D1224A5BC400063A7F7 /* addViewController.swift */,
			);
			path = Ulink_demo;
			sourceTree = "<group>";
		};
		FD200D0D24A5A3C30063A7F7 /* New Group */ = {
			isa = PBXGroup;
			children = (
			);
			path = "New Group";
			sourceTree = "<group>";
		};
/* End PBXGroup section */

/* Begin PBXNativeTarget section */
		FD200CF324A5076D0063A7F7 /* Ulink_demo */ = {
			isa = PBXNativeTarget;
			buildConfigurationList = FD200D0824A507700063A7F7 /* Build configuration list for PBXNativeTarget "Ulink_demo" */;
			buildPhases = (
				FD200CF024A5076D0063A7F7 /* Sources */,
				FD200CF124A5076D0063A7F7 /* Frameworks */,
				FD200CF224A5076D0063A7F7 /* Resources */,
			);
			buildRules = (
			);
			dependencies = (
			);
			name = Ulink_demo;
			productName = Ulink_demo;
			productReference = FD200CF424A5076D0063A7F7 /* Ulink_demo.app */;
			productType = "com.apple.product-type.application";
		};
/* End PBXNativeTarget section */

/* Begin PBXProject section */
		FD200CEC24A5076D0063A7F7 /* Project object */ = {
			isa = PBXProject;
			attributes = {
				LastSwiftUpdateCheck = 1150;
				LastUpgradeCheck = 1150;
				ORGANIZATIONNAME = "송지훈";
				TargetAttributes = {
					FD200CF324A5076D0063A7F7 = {
						CreatedOnToolsVersion = 11.5;
					};
				};
			};
			buildConfigurationList = FD200CEF24A5076D0063A7F7 /* Build configuration list for PBXProject "Ulink_demo" */;
			compatibilityVersion = "Xcode 9.3";
			developmentRegion = en;
			hasScannedForEncodings = 0;
			knownRegions = (
				en,
				Base,
			);
			mainGroup = FD200CEB24A5076D0063A7F7;
			productRefGroup = FD200CF524A5076D0063A7F7 /* Products */;
			projectDirPath = "";
			projectRoot = "";
			targets = (
				FD200CF324A5076D0063A7F7 /* Ulink_demo */,
			);
		};
/* End PBXProject section */

/* Begin PBXResourcesBuildPhase section */
		FD200CF224A5076D0063A7F7 /* Resources */ = {
			isa = PBXResourcesBuildPhase;
			buildActionMask = 2147483647;
			files = (
				FD200D0424A507700063A7F7 /* LaunchScreen.storyboard in Resources */,
				FD200D0124A507700063A7F7 /* Assets.xcassets in Resources */,
				FD200CFF24A5076D0063A7F7 /* Main.storyboard in Resources */,
			);
			runOnlyForDeploymentPostprocessing = 0;
		};
/* End PBXResourcesBuildPhase section */

/* Begin PBXSourcesBuildPhase section */
		FD200CF024A5076D0063A7F7 /* Sources */ = {
			isa = PBXSourcesBuildPhase;
			buildActionMask = 2147483647;
			files = (
				FD200CFC24A5076D0063A7F7 /* ViewController.swift in Sources */,
				FD200CF824A5076D0063A7F7 /* AppDelegate.swift in Sources */,
				FD200D0F24A5A3D70063A7F7 /* CollectionViewCell.swift in Sources */,
				FD200D1124A5AD9D0063A7F7 /* halfScreen.swift in Sources */,
				FD200D1324A5BC400063A7F7 /* addViewController.swift in Sources */,
				FD200CFA24A5076D0063A7F7 /* SceneDelegate.swift in Sources */,
			);
			runOnlyForDeploymentPostprocessing = 0;
		};
/* End PBXSourcesBuildPhase section */

/* Begin PBXVariantGroup section */
		FD200CFD24A5076D0063A7F7 /* Main.storyboard */ = {
			isa = PBXVariantGroup;
			children = (
				FD200CFE24A5076D0063A7F7 /* Base */,
			);
			name = Main.storyboard;
			sourceTree = "<group>";
		};
		FD200D0224A507700063A7F7 /* LaunchScreen.storyboard */ = {
			isa = PBXVariantGroup;
			children = (
				FD200D0324A507700063A7F7 /* Base */,
			);
			name = LaunchScreen.storyboard;
			sourceTree = "<group>";
		};
/* End PBXVariantGroup section */

/* Begin XCBuildConfiguration section */
		FD200D0624A507700063A7F7 /* Debug */ = {
			isa = XCBuildConfiguration;
			buildSettings = {
				ALWAYS_SEARCH_USER_PATHS = NO;
				CLANG_ANALYZER_NONNULL = YES;
				CLANG_ANALYZER_NUMBER_OBJECT_CONVERSION = YES_AGGRESSIVE;
				CLANG_CXX_LANGUAGE_STANDARD = "gnu++14";
				CLANG_CXX_LIBRARY = "libc++";
				CLANG_ENABLE_MODULES = YES;
				CLANG_ENABLE_OBJC_ARC = YES;
				CLANG_ENABLE_OBJC_WEAK = YES;
				CLANG_WARN_BLOCK_CAPTURE_AUTORELEASING = YES;
				CLANG_WARN_BOOL_CONVERSION = YES;
				CLANG_WARN_COMMA = YES;
				CLANG_WARN_CONSTANT_CONVERSION = YES;
				CLANG_WARN_DEPRECATED_OBJC_IMPLEMENTATIONS = YES;
				CLANG_WARN_DIRECT_OBJC_ISA_USAGE = YES_ERROR;
				CLANG_WARN_DOCUMENTATION_COMMENTS = YES;
				CLANG_WARN_EMPTY_BODY = YES;
				CLANG_WARN_ENUM_CONVERSION = YES;
				CLANG_WARN_INFINITE_RECURSION = YES;
				CLANG_WARN_INT_CONVERSION = YES;
				CLANG_WARN_NON_LITERAL_NULL_CONVERSION = YES;
				CLANG_WARN_OBJC_IMPLICIT_RETAIN_SELF = YES;
				CLANG_WARN_OBJC_LITERAL_CONVERSION = YES;
				CLANG_WARN_OBJC_ROOT_CLASS = YES_ERROR;
				CLANG_WARN_RANGE_LOOP_ANALYSIS = YES;
				CLANG_WARN_STRICT_PROTOTYPES = YES;
				CLANG_WARN_SUSPICIOUS_MOVE = YES;
				CLANG_WARN_UNGUARDED_AVAILABILITY = YES_AGGRESSIVE;
				CLANG_WARN_UNREACHABLE_CODE = YES;
				CLANG_WARN__DUPLICATE_METHOD_MATCH = YES;
				COPY_PHASE_STRIP = NO;
				DEBUG_INFORMATION_FORMAT = dwarf;
				ENABLE_STRICT_OBJC_MSGSEND = YES;
				ENABLE_TESTABILITY = YES;
				GCC_C_LANGUAGE_STANDARD = gnu11;
				GCC_DYNAMIC_NO_PIC = NO;
				GCC_NO_COMMON_BLOCKS = YES;
				GCC_OPTIMIZATION_LEVEL = 0;
				GCC_PREPROCESSOR_DEFINITIONS = (
					"DEBUG=1",
					"$(inherited)",
				);
				GCC_WARN_64_TO_32_BIT_CONVERSION = YES;
				GCC_WARN_ABOUT_RETURN_TYPE = YES_ERROR;
				GCC_WARN_UNDECLARED_SELECTOR = YES;
				GCC_WARN_UNINITIALIZED_AUTOS = YES_AGGRESSIVE;
				GCC_WARN_UNUSED_FUNCTION = YES;
				GCC_WARN_UNUSED_VARIABLE = YES;
				IPHONEOS_DEPLOYMENT_TARGET = 13.5;
				MTL_ENABLE_DEBUG_INFO = INCLUDE_SOURCE;
				MTL_FAST_MATH = YES;
				ONLY_ACTIVE_ARCH = YES;
				SDKROOT = iphoneos;
				SWIFT_ACTIVE_COMPILATION_CONDITIONS = DEBUG;
				SWIFT_OPTIMIZATION_LEVEL = "-Onone";
			};
			name = Debug;
		};
		FD200D0724A507700063A7F7 /* Release */ = {
			isa = XCBuildConfiguration;
			buildSettings = {
				ALWAYS_SEARCH_USER_PATHS = NO;
				CLANG_ANALYZER_NONNULL = YES;
				CLANG_ANALYZER_NUMBER_OBJECT_CONVERSION = YES_AGGRESSIVE;
				CLANG_CXX_LANGUAGE_STANDARD = "gnu++14";
				CLANG_CXX_LIBRARY = "libc++";
				CLANG_ENABLE_MODULES = YES;
				CLANG_ENABLE_OBJC_ARC = YES;
				CLANG_ENABLE_OBJC_WEAK = YES;
				CLANG_WARN_BLOCK_CAPTURE_AUTORELEASING = YES;
				CLANG_WARN_BOOL_CONVERSION = YES;
				CLANG_WARN_COMMA = YES;
				CLANG_WARN_CONSTANT_CONVERSION = YES;
				CLANG_WARN_DEPRECATED_OBJC_IMPLEMENTATIONS = YES;
				CLANG_WARN_DIRECT_OBJC_ISA_USAGE = YES_ERROR;
				CLANG_WARN_DOCUMENTATION_COMMENTS = YES;
				CLANG_WARN_EMPTY_BODY = YES;
				CLANG_WARN_ENUM_CONVERSION = YES;
				CLANG_WARN_INFINITE_RECURSION = YES;
				CLANG_WARN_INT_CONVERSION = YES;
				CLANG_WARN_NON_LITERAL_NULL_CONVERSION = YES;
				CLANG_WARN_OBJC_IMPLICIT_RETAIN_SELF = YES;
				CLANG_WARN_OBJC_LITERAL_CONVERSION = YES;
				CLANG_WARN_OBJC_ROOT_CLASS = YES_ERROR;
				CLANG_WARN_RANGE_LOOP_ANALYSIS = YES;
				CLANG_WARN_STRICT_PROTOTYPES = YES;
				CLANG_WARN_SUSPICIOUS_MOVE = YES;
				CLANG_WARN_UNGUARDED_AVAILABILITY = YES_AGGRESSIVE;
				CLANG_WARN_UNREACHABLE_CODE = YES;
				CLANG_WARN__DUPLICATE_METHOD_MATCH = YES;
				COPY_PHASE_STRIP = NO;
				DEBUG_INFORMATION_FORMAT = "dwarf-with-dsym";
				ENABLE_NS_ASSERTIONS = NO;
				ENABLE_STRICT_OBJC_MSGSEND = YES;
				GCC_C_LANGUAGE_STANDARD = gnu11;
				GCC_NO_COMMON_BLOCKS = YES;
				GCC_WARN_64_TO_32_BIT_CONVERSION = YES;
				GCC_WARN_ABOUT_RETURN_TYPE = YES_ERROR;
				GCC_WARN_UNDECLARED_SELECTOR = YES;
				GCC_WARN_UNINITIALIZED_AUTOS = YES_AGGRESSIVE;
				GCC_WARN_UNUSED_FUNCTION = YES;
				GCC_WARN_UNUSED_VARIABLE = YES;
				IPHONEOS_DEPLOYMENT_TARGET = 13.5;
				MTL_ENABLE_DEBUG_INFO = NO;
				MTL_FAST_MATH = YES;
				SDKROOT = iphoneos;
				SWIFT_COMPILATION_MODE = wholemodule;
				SWIFT_OPTIMIZATION_LEVEL = "-O";
				VALIDATE_PRODUCT = YES;
			};
			name = Release;
		};
		FD200D0924A507700063A7F7 /* Debug */ = {
			isa = XCBuildConfiguration;
			buildSettings = {
				ASSETCATALOG_COMPILER_APPICON_NAME = AppIcon;
				CODE_SIGN_STYLE = Automatic;
				DEVELOPMENT_TEAM = L9D5M5DM3Y;
				INFOPLIST_FILE = Ulink_demo/Info.plist;
				LD_RUNPATH_SEARCH_PATHS = (
					"$(inherited)",
					"@executable_path/Frameworks",
				);
				PRODUCT_BUNDLE_IDENTIFIER = "kone.Ulink-demo";
				PRODUCT_NAME = "$(TARGET_NAME)";
				SWIFT_VERSION = 5.0;
				TARGETED_DEVICE_FAMILY = "1,2";
			};
			name = Debug;
		};
		FD200D0A24A507700063A7F7 /* Release */ = {
			isa = XCBuildConfiguration;
			buildSettings = {
				ASSETCATALOG_COMPILER_APPICON_NAME = AppIcon;
				CODE_SIGN_STYLE = Automatic;
				DEVELOPMENT_TEAM = L9D5M5DM3Y;
				INFOPLIST_FILE = Ulink_demo/Info.plist;
				LD_RUNPATH_SEARCH_PATHS = (
					"$(inherited)",
					"@executable_path/Frameworks",
				);
				PRODUCT_BUNDLE_IDENTIFIER = "kone.Ulink-demo";
				PRODUCT_NAME = "$(TARGET_NAME)";
				SWIFT_VERSION = 5.0;
				TARGETED_DEVICE_FAMILY = "1,2";
			};
			name = Release;
		};
/* End XCBuildConfiguration section */

/* Begin XCConfigurationList section */
		FD200CEF24A5076D0063A7F7 /* Build configuration list for PBXProject "Ulink_demo" */ = {
			isa = XCConfigurationList;
			buildConfigurations = (
				FD200D0624A507700063A7F7 /* Debug */,
				FD200D0724A507700063A7F7 /* Release */,
			);
			defaultConfigurationIsVisible = 0;
			defaultConfigurationName = Release;
		};
		FD200D0824A507700063A7F7 /* Build configuration list for PBXNativeTarget "Ulink_demo" */ = {
			isa = XCConfigurationList;
			buildConfigurations = (
				FD200D0924A507700063A7F7 /* Debug */,
				FD200D0A24A507700063A7F7 /* Release */,
			);
			defaultConfigurationIsVisible = 0;
			defaultConfigurationName = Release;
		};
/* End XCConfigurationList section */
	};
	rootObject = FD200CEC24A5076D0063A7F7 /* Project object */;
}
